// !$*UTF8*$!
{
	archiveVersion = 1;
	classes = {
	};
	objectVersion = 46;
	objects = {

/* Begin PBXBuildFile section */
		6C1AD6731D0BC18600CD820A /* AppDelegate.swift in Sources */ = {isa = PBXBuildFile; fileRef = 6C1AD6721D0BC18600CD820A /* AppDelegate.swift */; };
		6C1AD6751D0BC18600CD820A /* ViewController.swift in Sources */ = {isa = PBXBuildFile; fileRef = 6C1AD6741D0BC18600CD820A /* ViewController.swift */; };
		6C1AD6781D0BC18600CD820A /* Main.storyboard in Resources */ = {isa = PBXBuildFile; fileRef = 6C1AD6761D0BC18600CD820A /* Main.storyboard */; };
		6C1AD67A1D0BC18600CD820A /* Assets.xcassets in Resources */ = {isa = PBXBuildFile; fileRef = 6C1AD6791D0BC18600CD820A /* Assets.xcassets */; };
		6C1AD67D1D0BC18600CD820A /* LaunchScreen.storyboard in Resources */ = {isa = PBXBuildFile; fileRef = 6C1AD67B1D0BC18600CD820A /* LaunchScreen.storyboard */; };
		6C1AD6881D0BC18700CD820A /* Spontaneous_FunTests.swift in Sources */ = {isa = PBXBuildFile; fileRef = 6C1AD6871D0BC18700CD820A /* Spontaneous_FunTests.swift */; };
		6C1AD6931D0BC18700CD820A /* Spontaneous_FunUITests.swift in Sources */ = {isa = PBXBuildFile; fileRef = 6C1AD6921D0BC18700CD820A /* Spontaneous_FunUITests.swift */; };
		6C1AD6A11D0BDC5600CD820A /* ContestCell.swift in Sources */ = {isa = PBXBuildFile; fileRef = 6C1AD6A01D0BDC5600CD820A /* ContestCell.swift */; };
		6C1AD6A31D0BDDDF00CD820A /* Contest.swift in Sources */ = {isa = PBXBuildFile; fileRef = 6C1AD6A21D0BDDDF00CD820A /* Contest.swift */; };
		6C1AD6A81D0CA07900CD820A /* ContestDetailsViewController.swift in Sources */ = {isa = PBXBuildFile; fileRef = 6C1AD6A71D0CA07900CD820A /* ContestDetailsViewController.swift */; };
		6C1AD6AA1D0CB17900CD820A /* JoinViewController.swift in Sources */ = {isa = PBXBuildFile; fileRef = 6C1AD6A91D0CB17900CD820A /* JoinViewController.swift */; };
		6C1AD6AC1D0CDBC000CD820A /* Segue.swift in Sources */ = {isa = PBXBuildFile; fileRef = 6C1AD6AB1D0CDBC000CD820A /* Segue.swift */; };
		6C1AD6AF1D0CDE8300CD820A /* ContestView.swift in Sources */ = {isa = PBXBuildFile; fileRef = 6C1AD6AE1D0CDE8200CD820A /* ContestView.swift */; };
		6C1AD6B11D0D103700CD820A /* Contestant.swift in Sources */ = {isa = PBXBuildFile; fileRef = 6C1AD6B01D0D103700CD820A /* Contestant.swift */; };
		6CA5AE031D0E0EC300FF57A8 /* FontPalette.swift in Sources */ = {isa = PBXBuildFile; fileRef = 6CA5AE011D0E0EC300FF57A8 /* FontPalette.swift */; };
		6CA5AE041D0E0EC300FF57A8 /* Palette.swift in Sources */ = {isa = PBXBuildFile; fileRef = 6CA5AE021D0E0EC300FF57A8 /* Palette.swift */; };
		6CA5AE091D0E2A8F00FF57A8 /* JLToast.swift in Sources */ = {isa = PBXBuildFile; fileRef = 6CA5AE061D0E2A8F00FF57A8 /* JLToast.swift */; };
		6CA5AE0A1D0E2A8F00FF57A8 /* JLToastCenter.swift in Sources */ = {isa = PBXBuildFile; fileRef = 6CA5AE071D0E2A8F00FF57A8 /* JLToastCenter.swift */; };
		6CA5AE0B1D0E2A8F00FF57A8 /* JLToastView.swift in Sources */ = {isa = PBXBuildFile; fileRef = 6CA5AE081D0E2A8F00FF57A8 /* JLToastView.swift */; };
/* End PBXBuildFile section */

/* Begin PBXContainerItemProxy section */
		6C1AD6841D0BC18700CD820A /* PBXContainerItemProxy */ = {
			isa = PBXContainerItemProxy;
			containerPortal = 6C1AD6671D0BC18600CD820A /* Project object */;
			proxyType = 1;
			remoteGlobalIDString = 6C1AD66E1D0BC18600CD820A;
			remoteInfo = "Spontaneous Fun";
		};
		6C1AD68F1D0BC18700CD820A /* PBXContainerItemProxy */ = {
			isa = PBXContainerItemProxy;
			containerPortal = 6C1AD6671D0BC18600CD820A /* Project object */;
			proxyType = 1;
			remoteGlobalIDString = 6C1AD66E1D0BC18600CD820A;
			remoteInfo = "Spontaneous Fun";
		};
/* End PBXContainerItemProxy section */

/* Begin PBXFileReference section */
		6C1AD66F1D0BC18600CD820A /* Yeah FAM.app */ = {isa = PBXFileReference; explicitFileType = wrapper.application; includeInIndex = 0; path = "Yeah FAM.app"; sourceTree = BUILT_PRODUCTS_DIR; };
		6C1AD6721D0BC18600CD820A /* AppDelegate.swift */ = {isa = PBXFileReference; lastKnownFileType = sourcecode.swift; path = AppDelegate.swift; sourceTree = "<group>"; };
		6C1AD6741D0BC18600CD820A /* ViewController.swift */ = {isa = PBXFileReference; lastKnownFileType = sourcecode.swift; path = ViewController.swift; sourceTree = "<group>"; };
		6C1AD6771D0BC18600CD820A /* Base */ = {isa = PBXFileReference; lastKnownFileType = file.storyboard; name = Base; path = Base.lproj/Main.storyboard; sourceTree = "<group>"; };
		6C1AD6791D0BC18600CD820A /* Assets.xcassets */ = {isa = PBXFileReference; lastKnownFileType = folder.assetcatalog; path = Assets.xcassets; sourceTree = "<group>"; };
		6C1AD67C1D0BC18600CD820A /* Base */ = {isa = PBXFileReference; lastKnownFileType = file.storyboard; name = Base; path = Base.lproj/LaunchScreen.storyboard; sourceTree = "<group>"; };
		6C1AD67E1D0BC18700CD820A /* Info.plist */ = {isa = PBXFileReference; lastKnownFileType = text.plist.xml; path = Info.plist; sourceTree = "<group>"; };
		6C1AD6831D0BC18700CD820A /* Spontaneous FunTests.xctest */ = {isa = PBXFileReference; explicitFileType = wrapper.cfbundle; includeInIndex = 0; path = "Spontaneous FunTests.xctest"; sourceTree = BUILT_PRODUCTS_DIR; };
		6C1AD6871D0BC18700CD820A /* Spontaneous_FunTests.swift */ = {isa = PBXFileReference; lastKnownFileType = sourcecode.swift; path = Spontaneous_FunTests.swift; sourceTree = "<group>"; };
		6C1AD6891D0BC18700CD820A /* Info.plist */ = {isa = PBXFileReference; lastKnownFileType = text.plist.xml; path = Info.plist; sourceTree = "<group>"; };
		6C1AD68E1D0BC18700CD820A /* Spontaneous FunUITests.xctest */ = {isa = PBXFileReference; explicitFileType = wrapper.cfbundle; includeInIndex = 0; path = "Spontaneous FunUITests.xctest"; sourceTree = BUILT_PRODUCTS_DIR; };
		6C1AD6921D0BC18700CD820A /* Spontaneous_FunUITests.swift */ = {isa = PBXFileReference; lastKnownFileType = sourcecode.swift; path = Spontaneous_FunUITests.swift; sourceTree = "<group>"; };
		6C1AD6941D0BC18700CD820A /* Info.plist */ = {isa = PBXFileReference; lastKnownFileType = text.plist.xml; path = Info.plist; sourceTree = "<group>"; };
		6C1AD6A01D0BDC5600CD820A /* ContestCell.swift */ = {isa = PBXFileReference; fileEncoding = 4; lastKnownFileType = sourcecode.swift; path = ContestCell.swift; sourceTree = "<group>"; };
		6C1AD6A21D0BDDDF00CD820A /* Contest.swift */ = {isa = PBXFileReference; fileEncoding = 4; lastKnownFileType = sourcecode.swift; path = Contest.swift; sourceTree = "<group>"; };
		6C1AD6A71D0CA07900CD820A /* ContestDetailsViewController.swift */ = {isa = PBXFileReference; fileEncoding = 4; lastKnownFileType = sourcecode.swift; path = ContestDetailsViewController.swift; sourceTree = "<group>"; };
		6C1AD6A91D0CB17900CD820A /* JoinViewController.swift */ = {isa = PBXFileReference; fileEncoding = 4; lastKnownFileType = sourcecode.swift; path = JoinViewController.swift; sourceTree = "<group>"; };
		6C1AD6AB1D0CDBC000CD820A /* Segue.swift */ = {isa = PBXFileReference; fileEncoding = 4; lastKnownFileType = sourcecode.swift; path = Segue.swift; sourceTree = "<group>"; };
		6C1AD6AE1D0CDE8200CD820A /* ContestView.swift */ = {isa = PBXFileReference; fileEncoding = 4; lastKnownFileType = sourcecode.swift; path = ContestView.swift; sourceTree = "<group>"; };
		6C1AD6B01D0D103700CD820A /* Contestant.swift */ = {isa = PBXFileReference; fileEncoding = 4; lastKnownFileType = sourcecode.swift; path = Contestant.swift; sourceTree = "<group>"; };
		6CA5AE011D0E0EC300FF57A8 /* FontPalette.swift */ = {isa = PBXFileReference; fileEncoding = 4; lastKnownFileType = sourcecode.swift; path = FontPalette.swift; sourceTree = "<group>"; };
		6CA5AE021D0E0EC300FF57A8 /* Palette.swift */ = {isa = PBXFileReference; fileEncoding = 4; lastKnownFileType = sourcecode.swift; path = Palette.swift; sourceTree = "<group>"; };
		6CA5AE061D0E2A8F00FF57A8 /* JLToast.swift */ = {isa = PBXFileReference; fileEncoding = 4; lastKnownFileType = sourcecode.swift; path = JLToast.swift; sourceTree = "<group>"; };
		6CA5AE071D0E2A8F00FF57A8 /* JLToastCenter.swift */ = {isa = PBXFileReference; fileEncoding = 4; lastKnownFileType = sourcecode.swift; path = JLToastCenter.swift; sourceTree = "<group>"; };
		6CA5AE081D0E2A8F00FF57A8 /* JLToastView.swift */ = {isa = PBXFileReference; fileEncoding = 4; lastKnownFileType = sourcecode.swift; path = JLToastView.swift; sourceTree = "<group>"; };
/* End PBXFileReference section */

/* Begin PBXFrameworksBuildPhase section */
		6C1AD66C1D0BC18600CD820A /* Frameworks */ = {
			isa = PBXFrameworksBuildPhase;
			buildActionMask = 2147483647;
			files = (
			);
			runOnlyForDeploymentPostprocessing = 0;
		};
		6C1AD6801D0BC18700CD820A /* Frameworks */ = {
			isa = PBXFrameworksBuildPhase;
			buildActionMask = 2147483647;
			files = (
			);
			runOnlyForDeploymentPostprocessing = 0;
		};
		6C1AD68B1D0BC18700CD820A /* Frameworks */ = {
			isa = PBXFrameworksBuildPhase;
			buildActionMask = 2147483647;
			files = (
			);
			runOnlyForDeploymentPostprocessing = 0;
		};
/* End PBXFrameworksBuildPhase section */

/* Begin PBXGroup section */
		6C1AD6661D0BC18600CD820A = {
			isa = PBXGroup;
			children = (
				6C1AD6711D0BC18600CD820A /* Spontaneous Fun */,
				6C1AD6861D0BC18700CD820A /* Spontaneous FunTests */,
				6C1AD6911D0BC18700CD820A /* Spontaneous FunUITests */,
				6C1AD6701D0BC18600CD820A /* Products */,
			);
			sourceTree = "<group>";
		};
		6C1AD6701D0BC18600CD820A /* Products */ = {
			isa = PBXGroup;
			children = (
				6C1AD66F1D0BC18600CD820A /* Yeah FAM.app */,
				6C1AD6831D0BC18700CD820A /* Spontaneous FunTests.xctest */,
				6C1AD68E1D0BC18700CD820A /* Spontaneous FunUITests.xctest */,
			);
			name = Products;
			sourceTree = "<group>";
		};
		6C1AD6711D0BC18600CD820A /* Spontaneous Fun */ = {
			isa = PBXGroup;
			children = (
				6C1AD6721D0BC18600CD820A /* AppDelegate.swift */,
				6C1AD6A61D0CA04900CD820A /* ViewController */,
				6C1AD6761D0BC18600CD820A /* Main.storyboard */,
				6C1AD6791D0BC18600CD820A /* Assets.xcassets */,
				6C1AD6AD1D0CDC1F00CD820A /* Classes */,
				6C1AD67B1D0BC18600CD820A /* LaunchScreen.storyboard */,
				6C1AD67E1D0BC18700CD820A /* Info.plist */,
			);
			path = "Spontaneous Fun";
			sourceTree = "<group>";
		};
		6C1AD6861D0BC18700CD820A /* Spontaneous FunTests */ = {
			isa = PBXGroup;
			children = (
				6C1AD6871D0BC18700CD820A /* Spontaneous_FunTests.swift */,
				6C1AD6891D0BC18700CD820A /* Info.plist */,
			);
			path = "Spontaneous FunTests";
			sourceTree = "<group>";
		};
		6C1AD6911D0BC18700CD820A /* Spontaneous FunUITests */ = {
			isa = PBXGroup;
			children = (
				6C1AD6921D0BC18700CD820A /* Spontaneous_FunUITests.swift */,
				6C1AD6941D0BC18700CD820A /* Info.plist */,
			);
			path = "Spontaneous FunUITests";
			sourceTree = "<group>";
		};
		6C1AD6A61D0CA04900CD820A /* ViewController */ = {
			isa = PBXGroup;
			children = (
				6C1AD6741D0BC18600CD820A /* ViewController.swift */,
				6C1AD6A71D0CA07900CD820A /* ContestDetailsViewController.swift */,
				6C1AD6A91D0CB17900CD820A /* JoinViewController.swift */,
			);
			name = ViewController;
			sourceTree = "<group>";
		};
		6C1AD6AD1D0CDC1F00CD820A /* Classes */ = {
			isa = PBXGroup;
			children = (
				6CA5AE051D0E2A7900FF57A8 /* JLToast */,
				6CA5AE001D0E0EB700FF57A8 /* Colors */,
				6C1AD6B01D0D103700CD820A /* Contestant.swift */,
				6C1AD6AE1D0CDE8200CD820A /* ContestView.swift */,
				6C1AD6AB1D0CDBC000CD820A /* Segue.swift */,
				6C1AD6A01D0BDC5600CD820A /* ContestCell.swift */,
				6C1AD6A21D0BDDDF00CD820A /* Contest.swift */,
			);
			name = Classes;
			sourceTree = "<group>";
		};
		6CA5AE001D0E0EB700FF57A8 /* Colors */ = {
			isa = PBXGroup;
			children = (
				6CA5AE011D0E0EC300FF57A8 /* FontPalette.swift */,
				6CA5AE021D0E0EC300FF57A8 /* Palette.swift */,
			);
			name = Colors;
			sourceTree = "<group>";
		};
		6CA5AE051D0E2A7900FF57A8 /* JLToast */ = {
			isa = PBXGroup;
			children = (
				6CA5AE061D0E2A8F00FF57A8 /* JLToast.swift */,
				6CA5AE071D0E2A8F00FF57A8 /* JLToastCenter.swift */,
				6CA5AE081D0E2A8F00FF57A8 /* JLToastView.swift */,
			);
			name = JLToast;
			sourceTree = "<group>";
		};
/* End PBXGroup section */

/* Begin PBXNativeTarget section */
		6C1AD66E1D0BC18600CD820A /* Spontaneous Fun */ = {
			isa = PBXNativeTarget;
			buildConfigurationList = 6C1AD6971D0BC18700CD820A /* Build configuration list for PBXNativeTarget "Spontaneous Fun" */;
			buildPhases = (
				6C1AD66B1D0BC18600CD820A /* Sources */,
				6C1AD66C1D0BC18600CD820A /* Frameworks */,
				6C1AD66D1D0BC18600CD820A /* Resources */,
			);
			buildRules = (
			);
			dependencies = (
			);
			name = "Spontaneous Fun";
			productName = "Spontaneous Fun";
			productReference = 6C1AD66F1D0BC18600CD820A /* Yeah FAM.app */;
			productType = "com.apple.product-type.application";
		};
		6C1AD6821D0BC18700CD820A /* Spontaneous FunTests */ = {
			isa = PBXNativeTarget;
			buildConfigurationList = 6C1AD69A1D0BC18700CD820A /* Build configuration list for PBXNativeTarget "Spontaneous FunTests" */;
			buildPhases = (
				6C1AD67F1D0BC18700CD820A /* Sources */,
				6C1AD6801D0BC18700CD820A /* Frameworks */,
				6C1AD6811D0BC18700CD820A /* Resources */,
			);
			buildRules = (
			);
			dependencies = (
				6C1AD6851D0BC18700CD820A /* PBXTargetDependency */,
			);
			name = "Spontaneous FunTests";
			productName = "Spontaneous FunTests";
			productReference = 6C1AD6831D0BC18700CD820A /* Spontaneous FunTests.xctest */;
			productType = "com.apple.product-type.bundle.unit-test";
		};
		6C1AD68D1D0BC18700CD820A /* Spontaneous FunUITests */ = {
			isa = PBXNativeTarget;
			buildConfigurationList = 6C1AD69D1D0BC18700CD820A /* Build configuration list for PBXNativeTarget "Spontaneous FunUITests" */;
			buildPhases = (
				6C1AD68A1D0BC18700CD820A /* Sources */,
				6C1AD68B1D0BC18700CD820A /* Frameworks */,
				6C1AD68C1D0BC18700CD820A /* Resources */,
			);
			buildRules = (
			);
			dependencies = (
				6C1AD6901D0BC18700CD820A /* PBXTargetDependency */,
			);
			name = "Spontaneous FunUITests";
			productName = "Spontaneous FunUITests";
			productReference = 6C1AD68E1D0BC18700CD820A /* Spontaneous FunUITests.xctest */;
			productType = "com.apple.product-type.bundle.ui-testing";
		};
/* End PBXNativeTarget section */

/* Begin PBXProject section */
		6C1AD6671D0BC18600CD820A /* Project object */ = {
			isa = PBXProject;
			attributes = {
				LastSwiftUpdateCheck = 0730;
				LastUpgradeCheck = 0730;
				ORGANIZATIONNAME = "Super Awesome";
				TargetAttributes = {
					6C1AD66E1D0BC18600CD820A = {
						CreatedOnToolsVersion = 7.3.1;
						DevelopmentTeam = S6VHT5CKSA;
					};
					6C1AD6821D0BC18700CD820A = {
						CreatedOnToolsVersion = 7.3.1;
						TestTargetID = 6C1AD66E1D0BC18600CD820A;
					};
					6C1AD68D1D0BC18700CD820A = {
						CreatedOnToolsVersion = 7.3.1;
						TestTargetID = 6C1AD66E1D0BC18600CD820A;
					};
				};
			};
			buildConfigurationList = 6C1AD66A1D0BC18600CD820A /* Build configuration list for PBXProject "Spontaneous Fun" */;
			compatibilityVersion = "Xcode 3.2";
			developmentRegion = English;
			hasScannedForEncodings = 0;
			knownRegions = (
				en,
				Base,
			);
			mainGroup = 6C1AD6661D0BC18600CD820A;
			productRefGroup = 6C1AD6701D0BC18600CD820A /* Products */;
			projectDirPath = "";
			projectRoot = "";
			targets = (
				6C1AD66E1D0BC18600CD820A /* Spontaneous Fun */,
				6C1AD6821D0BC18700CD820A /* Spontaneous FunTests */,
				6C1AD68D1D0BC18700CD820A /* Spontaneous FunUITests */,
			);
		};
/* End PBXProject section */

/* Begin PBXResourcesBuildPhase section */
		6C1AD66D1D0BC18600CD820A /* Resources */ = {
			isa = PBXResourcesBuildPhase;
			buildActionMask = 2147483647;
			files = (
				6C1AD67D1D0BC18600CD820A /* LaunchScreen.storyboard in Resources */,
				6C1AD67A1D0BC18600CD820A /* Assets.xcassets in Resources */,
				6C1AD6781D0BC18600CD820A /* Main.storyboard in Resources */,
			);
			runOnlyForDeploymentPostprocessing = 0;
		};
		6C1AD6811D0BC18700CD820A /* Resources */ = {
			isa = PBXResourcesBuildPhase;
			buildActionMask = 2147483647;
			files = (
			);
			runOnlyForDeploymentPostprocessing = 0;
		};
		6C1AD68C1D0BC18700CD820A /* Resources */ = {
			isa = PBXResourcesBuildPhase;
			buildActionMask = 2147483647;
			files = (
			);
			runOnlyForDeploymentPostprocessing = 0;
		};
/* End PBXResourcesBuildPhase section */

/* Begin PBXSourcesBuildPhase section */
		6C1AD66B1D0BC18600CD820A /* Sources */ = {
			isa = PBXSourcesBuildPhase;
			buildActionMask = 2147483647;
			files = (
				6C1AD6B11D0D103700CD820A /* Contestant.swift in Sources */,
				6CA5AE041D0E0EC300FF57A8 /* Palette.swift in Sources */,
				6C1AD6A31D0BDDDF00CD820A /* Contest.swift in Sources */,
				6C1AD6751D0BC18600CD820A /* ViewController.swift in Sources */,
				6C1AD6A81D0CA07900CD820A /* ContestDetailsViewController.swift in Sources */,
				6CA5AE091D0E2A8F00FF57A8 /* JLToast.swift in Sources */,
				6C1AD6731D0BC18600CD820A /* AppDelegate.swift in Sources */,
				6C1AD6AA1D0CB17900CD820A /* JoinViewController.swift in Sources */,
				6CA5AE0B1D0E2A8F00FF57A8 /* JLToastView.swift in Sources */,
				6CA5AE0A1D0E2A8F00FF57A8 /* JLToastCenter.swift in Sources */,
				6C1AD6AC1D0CDBC000CD820A /* Segue.swift in Sources */,
				6C1AD6A11D0BDC5600CD820A /* ContestCell.swift in Sources */,
				6CA5AE031D0E0EC300FF57A8 /* FontPalette.swift in Sources */,
				6C1AD6AF1D0CDE8300CD820A /* ContestView.swift in Sources */,
			);
			runOnlyForDeploymentPostprocessing = 0;
		};
		6C1AD67F1D0BC18700CD820A /* Sources */ = {
			isa = PBXSourcesBuildPhase;
			buildActionMask = 2147483647;
			files = (
				6C1AD6881D0BC18700CD820A /* Spontaneous_FunTests.swift in Sources */,
			);
			runOnlyForDeploymentPostprocessing = 0;
		};
		6C1AD68A1D0BC18700CD820A /* Sources */ = {
			isa = PBXSourcesBuildPhase;
			buildActionMask = 2147483647;
			files = (
				6C1AD6931D0BC18700CD820A /* Spontaneous_FunUITests.swift in Sources */,
			);
			runOnlyForDeploymentPostprocessing = 0;
		};
/* End PBXSourcesBuildPhase section */

/* Begin PBXTargetDependency section */
		6C1AD6851D0BC18700CD820A /* PBXTargetDependency */ = {
			isa = PBXTargetDependency;
			target = 6C1AD66E1D0BC18600CD820A /* Spontaneous Fun */;
			targetProxy = 6C1AD6841D0BC18700CD820A /* PBXContainerItemProxy */;
		};
		6C1AD6901D0BC18700CD820A /* PBXTargetDependency */ = {
			isa = PBXTargetDependency;
			target = 6C1AD66E1D0BC18600CD820A /* Spontaneous Fun */;
			targetProxy = 6C1AD68F1D0BC18700CD820A /* PBXContainerItemProxy */;
		};
/* End PBXTargetDependency section */

/* Begin PBXVariantGroup section */
		6C1AD6761D0BC18600CD820A /* Main.storyboard */ = {
			isa = PBXVariantGroup;
			children = (
				6C1AD6771D0BC18600CD820A /* Base */,
			);
			name = Main.storyboard;
			sourceTree = "<group>";
		};
		6C1AD67B1D0BC18600CD820A /* LaunchScreen.storyboard */ = {
			isa = PBXVariantGroup;
			children = (
				6C1AD67C1D0BC18600CD820A /* Base */,
			);
			name = LaunchScreen.storyboard;
			sourceTree = "<group>";
		};
/* End PBXVariantGroup section */

/* Begin XCBuildConfiguration section */
		6C1AD6951D0BC18700CD820A /* Debug */ = {
			isa = XCBuildConfiguration;
			buildSettings = {
				ALWAYS_SEARCH_USER_PATHS = NO;
				CLANG_ANALYZER_NONNULL = YES;
				CLANG_CXX_LANGUAGE_STANDARD = "gnu++0x";
				CLANG_CXX_LIBRARY = "libc++";
				CLANG_ENABLE_MODULES = YES;
				CLANG_ENABLE_OBJC_ARC = YES;
				CLANG_WARN_BOOL_CONVERSION = YES;
				CLANG_WARN_CONSTANT_CONVERSION = YES;
				CLANG_WARN_DIRECT_OBJC_ISA_USAGE = YES_ERROR;
				CLANG_WARN_EMPTY_BODY = YES;
				CLANG_WARN_ENUM_CONVERSION = YES;
				CLANG_WARN_INT_CONVERSION = YES;
				CLANG_WARN_OBJC_ROOT_CLASS = YES_ERROR;
				CLANG_WARN_UNREACHABLE_CODE = YES;
				CLANG_WARN__DUPLICATE_METHOD_MATCH = YES;
				"CODE_SIGN_IDENTITY[sdk=iphoneos*]" = "iPhone Developer";
				COPY_PHASE_STRIP = NO;
				DEBUG_INFORMATION_FORMAT = dwarf;
				ENABLE_STRICT_OBJC_MSGSEND = YES;
				ENABLE_TESTABILITY = YES;
				GCC_C_LANGUAGE_STANDARD = gnu99;
				GCC_DYNAMIC_NO_PIC = NO;
				GCC_NO_COMMON_BLOCKS = YES;
				GCC_OPTIMIZATION_LEVEL = 0;
				GCC_PREPROCESSOR_DEFINITIONS = (
					"DEBUG=1",
					"$(inherited)",
				);
				GCC_WARN_64_TO_32_BIT_CONVERSION = YES;
				GCC_WARN_ABOUT_RETURN_TYPE = YES_ERROR;
				GCC_WARN_UNDECLARED_SELECTOR = YES;
				GCC_WARN_UNINITIALIZED_AUTOS = YES_AGGRESSIVE;
				GCC_WARN_UNUSED_FUNCTION = YES;
				GCC_WARN_UNUSED_VARIABLE = YES;
				IPHONEOS_DEPLOYMENT_TARGET = 9.3;
				MTL_ENABLE_DEBUG_INFO = YES;
				ONLY_ACTIVE_ARCH = YES;
				SDKROOT = iphoneos;
				SWIFT_OPTIMIZATION_LEVEL = "-Onone";
				TARGETED_DEVICE_FAMILY = "1,2";
			};
			name = Debug;
		};
		6C1AD6961D0BC18700CD820A /* Release */ = {
			isa = XCBuildConfiguration;
			buildSettings = {
				ALWAYS_SEARCH_USER_PATHS = NO;
				CLANG_ANALYZER_NONNULL = YES;
				CLANG_CXX_LANGUAGE_STANDARD = "gnu++0x";
				CLANG_CXX_LIBRARY = "libc++";
				CLANG_ENABLE_MODULES = YES;
				CLANG_ENABLE_OBJC_ARC = YES;
				CLANG_WARN_BOOL_CONVERSION = YES;
				CLANG_WARN_CONSTANT_CONVERSION = YES;
				CLANG_WARN_DIRECT_OBJC_ISA_USAGE = YES_ERROR;
				CLANG_WARN_EMPTY_BODY = YES;
				CLANG_WARN_ENUM_CONVERSION = YES;
				CLANG_WARN_INT_CONVERSION = YES;
				CLANG_WARN_OBJC_ROOT_CLASS = YES_ERROR;
				CLANG_WARN_UNREACHABLE_CODE = YES;
				CLANG_WARN__DUPLICATE_METHOD_MATCH = YES;
				"CODE_SIGN_IDENTITY[sdk=iphoneos*]" = "iPhone Developer";
				COPY_PHASE_STRIP = NO;
				DEBUG_INFORMATION_FORMAT = "dwarf-with-dsym";
				ENABLE_NS_ASSERTIONS = NO;
				ENABLE_STRICT_OBJC_MSGSEND = YES;
				GCC_C_LANGUAGE_STANDARD = gnu99;
				GCC_NO_COMMON_BLOCKS = YES;
				GCC_WARN_64_TO_32_BIT_CONVERSION = YES;
				GCC_WARN_ABOUT_RETURN_TYPE = YES_ERROR;
				GCC_WARN_UNDECLARED_SELECTOR = YES;
				GCC_WARN_UNINITIALIZED_AUTOS = YES_AGGRESSIVE;
				GCC_WARN_UNUSED_FUNCTION = YES;
				GCC_WARN_UNUSED_VARIABLE = YES;
				IPHONEOS_DEPLOYMENT_TARGET = 9.3;
				MTL_ENABLE_DEBUG_INFO = NO;
				SDKROOT = iphoneos;
				TARGETED_DEVICE_FAMILY = "1,2";
				VALIDATE_PRODUCT = YES;
			};
			name = Release;
		};
		6C1AD6981D0BC18700CD820A /* Debug */ = {
			isa = XCBuildConfiguration;
			buildSettings = {
				ASSETCATALOG_COMPILER_APPICON_NAME = AppIcon;
				CODE_SIGN_IDENTITY = "iPhone Developer";
				"CODE_SIGN_IDENTITY[sdk=iphoneos*]" = "iPhone Developer";
				INFOPLIST_FILE = "Spontaneous Fun/Info.plist";
				LD_RUNPATH_SEARCH_PATHS = "$(inherited) @executable_path/Frameworks";
				PRODUCT_BUNDLE_IDENTIFIER = "com.edchack.Spontaneous-Fun";
				PRODUCT_NAME = "Yeah FAM";
				PROVISIONING_PROFILE = "";
			};
			name = Debug;
		};
		6C1AD6991D0BC18700CD820A /* Release */ = {
			isa = XCBuildConfiguration;
			buildSettings = {
				ASSETCATALOG_COMPILER_APPICON_NAME = AppIcon;
				CODE_SIGN_IDENTITY = "iPhone Developer";
				"CODE_SIGN_IDENTITY[sdk=iphoneos*]" = "iPhone Developer";
				INFOPLIST_FILE = "Spontaneous Fun/Info.plist";
				LD_RUNPATH_SEARCH_PATHS = "$(inherited) @executable_path/Frameworks";
				PRODUCT_BUNDLE_IDENTIFIER = "com.edchack.Spontaneous-Fun";
				PRODUCT_NAME = "Yeah FAM";
				PROVISIONING_PROFILE = "";
			};
			name = Release;
		};
		6C1AD69B1D0BC18700CD820A /* Debug */ = {
			isa = XCBuildConfiguration;
			buildSettings = {
				BUNDLE_LOADER = "$(TEST_HOST)";
				INFOPLIST_FILE = "Spontaneous FunTests/Info.plist";
				LD_RUNPATH_SEARCH_PATHS = "$(inherited) @executable_path/Frameworks @loader_path/Frameworks";
				PRODUCT_BUNDLE_IDENTIFIER = "com.edchack.Spontaneous-FunTests";
				PRODUCT_NAME = "$(TARGET_NAME)";
				TEST_HOST = "$(BUILT_PRODUCTS_DIR)/Spontaneous Fun.app/Spontaneous Fun";
			};
			name = Debug;
		};
		6C1AD69C1D0BC18700CD820A /* Release */ = {
			isa = XCBuildConfiguration;
			buildSettings = {
				BUNDLE_LOADER = "$(TEST_HOST)";
				INFOPLIST_FILE = "Spontaneous FunTests/Info.plist";
				LD_RUNPATH_SEARCH_PATHS = "$(inherited) @executable_path/Frameworks @loader_path/Frameworks";
				PRODUCT_BUNDLE_IDENTIFIER = "com.edchack.Spontaneous-FunTests";
				PRODUCT_NAME = "$(TARGET_NAME)";
				TEST_HOST = "$(BUILT_PRODUCTS_DIR)/Spontaneous Fun.app/Spontaneous Fun";
			};
			name = Release;
		};
		6C1AD69E1D0BC18700CD820A /* Debug */ = {
			isa = XCBuildConfiguration;
			buildSettings = {
				INFOPLIST_FILE = "Spontaneous FunUITests/Info.plist";
				LD_RUNPATH_SEARCH_PATHS = "$(inherited) @executable_path/Frameworks @loader_path/Frameworks";
				PRODUCT_BUNDLE_IDENTIFIER = "com.edchack.Spontaneous-FunUITests";
				PRODUCT_NAME = "$(TARGET_NAME)";
				TEST_TARGET_NAME = "Spontaneous Fun";
			};
			name = Debug;
		};
		6C1AD69F1D0BC18700CD820A /* Release */ = {
			isa = XCBuildConfiguration;
			buildSettings = {
				INFOPLIST_FILE = "Spontaneous FunUITests/Info.plist";
				LD_RUNPATH_SEARCH_PATHS = "$(inherited) @executable_path/Frameworks @loader_path/Frameworks";
				PRODUCT_BUNDLE_IDENTIFIER = "com.edchack.Spontaneous-FunUITests";
				PRODUCT_NAME = "$(TARGET_NAME)";
				TEST_TARGET_NAME = "Spontaneous Fun";
			};
			name = Release;
		};
/* End XCBuildConfiguration section */

/* Begin XCConfigurationList section */
		6C1AD66A1D0BC18600CD820A /* Build configuration list for PBXProject "Spontaneous Fun" */ = {
			isa = XCConfigurationList;
			buildConfigurations = (
				6C1AD6951D0BC18700CD820A /* Debug */,
				6C1AD6961D0BC18700CD820A /* Release */,
			);
			defaultConfigurationIsVisible = 0;
			defaultConfigurationName = Release;
		};
		6C1AD6971D0BC18700CD820A /* Build configuration list for PBXNativeTarget "Spontaneous Fun" */ = {
			isa = XCConfigurationList;
			buildConfigurations = (
				6C1AD6981D0BC18700CD820A /* Debug */,
				6C1AD6991D0BC18700CD820A /* Release */,
			);
			defaultConfigurationIsVisible = 0;
			defaultConfigurationName = Release;
		};
		6C1AD69A1D0BC18700CD820A /* Build configuration list for PBXNativeTarget "Spontaneous FunTests" */ = {
			isa = XCConfigurationList;
			buildConfigurations = (
				6C1AD69B1D0BC18700CD820A /* Debug */,
				6C1AD69C1D0BC18700CD820A /* Release */,
			);
			defaultConfigurationIsVisible = 0;
			defaultConfigurationName = Release;
		};
		6C1AD69D1D0BC18700CD820A /* Build configuration list for PBXNativeTarget "Spontaneous FunUITests" */ = {
			isa = XCConfigurationList;
			buildConfigurations = (
				6C1AD69E1D0BC18700CD820A /* Debug */,
				6C1AD69F1D0BC18700CD820A /* Release */,
			);
			defaultConfigurationIsVisible = 0;
			defaultConfigurationName = Release;
		};
/* End XCConfigurationList section */
	};
	rootObject = 6C1AD6671D0BC18600CD820A /* Project object */;
}
